
Microsoft Visual Studio Solution File, Format Version 12.00
# Visual Studio 14
VisualStudioVersion = 14.0.25420.1
MinimumVisualStudioVersion = 10.0.40219.1
Project("{F184B08F-C81C-45F6-A57F-5ABD9991F28F}") = "ep4-3", "ep4-3\ep4-3.vbproj", "{CBB79567-09E5-4624-9694-1982FFCDD0F5}"
EndProject
Global
	GlobalSection(SolutionConfigurationPlatforms) = preSolution
		Debug|Any CPU = Debug|Any CPU
		Release|Any CPU = Release|Any CPU
	EndGlobalSection
	GlobalSection(ProjectConfigurationPlatforms) = postSolution
		{CBB79567-09E5-4624-9694-1982FFCDD0F5}.Debug|Any CPU.ActiveCfg = Debug|Any CPU
		{CBB79567-09E5-4624-9694-1982FFCDD0F5}.Debug|Any CPU.Build.0 = Debug|Any CPU
		{CBB79567-09E5-4624-9694-1982FFCDD0F5}.Release|Any CPU.ActiveCfg = Release|Any CPU
		{CBB79567-09E5-4624-9694-1982FFCDD0F5}.Release|Any CPU.Build.0 = Release|Any CPU
	EndGlobalSection
	GlobalSection(SolutionProperties) = preSolution
		HideSolutionNode = FALSE
	EndGlobalSection
EndGlobal
